// !$*UTF8*$!
{
	archiveVersion = 1;
	classes = {
	};
	objectVersion = 77;
	objects = {

/* Begin PBXBuildFile section */
		2FAA8EAA2E40A2CD0091FDD5 /* AppDelegate.swift in Sources */ = {isa = PBXBuildFile; fileRef = 2FAA8EA22E40A2CD0091FDD5 /* AppDelegate.swift */; };
		2FAA8EAB2E40A2CD0091FDD5 /* RegistrationScreenViewController.swift in Sources */ = {isa = PBXBuildFile; fileRef = 2FAA8EA72E40A2CD0091FDD5 /* RegistrationScreenViewController.swift */; };
		2FAA8EAC2E40A2CD0091FDD5 /* SceneDelegate.swift in Sources */ = {isa = PBXBuildFile; fileRef = 2FAA8EA82E40A2CD0091FDD5 /* SceneDelegate.swift */; };
		2FAA8EAD2E40A2CD0091FDD5 /* Assets.xcassets in Resources */ = {isa = PBXBuildFile; fileRef = 2FAA8EA32E40A2CD0091FDD5 /* Assets.xcassets */; };
		2FAA8EAF2E40A2CD0091FDD5 /* LaunchScreen.storyboard in Resources */ = {isa = PBXBuildFile; fileRef = 2FAA8EA62E40A2CD0091FDD5 /* LaunchScreen.storyboard */; };
		2FAA8EB52E40B4F70091FDD5 /* CustomTextField.swift in Sources */ = {isa = PBXBuildFile; fileRef = 2FAA8EB42E40B4EE0091FDD5 /* CustomTextField.swift */; };
		2FAA8EB72E40B5B80091FDD5 /* CustomLabel.swift in Sources */ = {isa = PBXBuildFile; fileRef = 2FAA8EB62E40B5A40091FDD5 /* CustomLabel.swift */; };
		2FAA8EB92E40B5C90091FDD5 /* CustomBlueButton.swift in Sources */ = {isa = PBXBuildFile; fileRef = 2FAA8EB82E40B5C10091FDD5 /* CustomBlueButton.swift */; };
		2FAA8EBB2E40DFD50091FDD5 /* MainScreenViewController.swift in Sources */ = {isa = PBXBuildFile; fileRef = 2FAA8EBA2E40DFCD0091FDD5 /* MainScreenViewController.swift */; };
		2FAA8EBD2E40E4770091FDD5 /* ProductModel.swift in Sources */ = {isa = PBXBuildFile; fileRef = 2FAA8EBC2E40E46D0091FDD5 /* ProductModel.swift */; };
		2FAA8EBF2E40E4A00091FDD5 /* ProductViewModel.swift in Sources */ = {isa = PBXBuildFile; fileRef = 2FAA8EBE2E40E4960091FDD5 /* ProductViewModel.swift */; };
		C89E4FFDB518001CF41D9D76 /* Pods_testTaskShiftIOS.framework in Frameworks */ = {isa = PBXBuildFile; fileRef = EF198CC2F2099818335F45F6 /* Pods_testTaskShiftIOS.framework */; };
/* End PBXBuildFile section */

/* Begin PBXFileReference section */
		0F41BB8E706F39901B445EC1 /* Pods-testTaskShiftIOS.release.xcconfig */ = {isa = PBXFileReference; includeInIndex = 1; lastKnownFileType = text.xcconfig; name = "Pods-testTaskShiftIOS.release.xcconfig"; path = "Target Support Files/Pods-testTaskShiftIOS/Pods-testTaskShiftIOS.release.xcconfig"; sourceTree = "<group>"; };
		12F56B69529719ABF1E289C1 /* Pods-testTaskShiftIOS.debug.xcconfig */ = {isa = PBXFileReference; includeInIndex = 1; lastKnownFileType = text.xcconfig; name = "Pods-testTaskShiftIOS.debug.xcconfig"; path = "Target Support Files/Pods-testTaskShiftIOS/Pods-testTaskShiftIOS.debug.xcconfig"; sourceTree = "<group>"; };
		2FAA8E8A2E40A0870091FDD5 /* testTaskShiftIOS.app */ = {isa = PBXFileReference; explicitFileType = wrapper.application; includeInIndex = 0; path = testTaskShiftIOS.app; sourceTree = BUILT_PRODUCTS_DIR; };
		2FAA8EA22E40A2CD0091FDD5 /* AppDelegate.swift */ = {isa = PBXFileReference; lastKnownFileType = sourcecode.swift; path = AppDelegate.swift; sourceTree = "<group>"; };
		2FAA8EA32E40A2CD0091FDD5 /* Assets.xcassets */ = {isa = PBXFileReference; lastKnownFileType = folder.assetcatalog; path = Assets.xcassets; sourceTree = "<group>"; };
		2FAA8EA42E40A2CD0091FDD5 /* Info.plist */ = {isa = PBXFileReference; lastKnownFileType = text.plist.xml; path = Info.plist; sourceTree = "<group>"; };
		2FAA8EA52E40A2CD0091FDD5 /* Base */ = {isa = PBXFileReference; lastKnownFileType = file.storyboard; name = Base; path = Base.lproj/LaunchScreen.storyboard; sourceTree = "<group>"; };
		2FAA8EA72E40A2CD0091FDD5 /* RegistrationScreenViewController.swift */ = {isa = PBXFileReference; lastKnownFileType = sourcecode.swift; path = RegistrationScreenViewController.swift; sourceTree = "<group>"; };
		2FAA8EA82E40A2CD0091FDD5 /* SceneDelegate.swift */ = {isa = PBXFileReference; lastKnownFileType = sourcecode.swift; path = SceneDelegate.swift; sourceTree = "<group>"; };
		2FAA8EB42E40B4EE0091FDD5 /* CustomTextField.swift */ = {isa = PBXFileReference; lastKnownFileType = sourcecode.swift; path = CustomTextField.swift; sourceTree = "<group>"; };
		2FAA8EB62E40B5A40091FDD5 /* CustomLabel.swift */ = {isa = PBXFileReference; lastKnownFileType = sourcecode.swift; path = CustomLabel.swift; sourceTree = "<group>"; };
		2FAA8EB82E40B5C10091FDD5 /* CustomBlueButton.swift */ = {isa = PBXFileReference; lastKnownFileType = sourcecode.swift; path = CustomBlueButton.swift; sourceTree = "<group>"; };
		2FAA8EBA2E40DFCD0091FDD5 /* MainScreenViewController.swift */ = {isa = PBXFileReference; lastKnownFileType = sourcecode.swift; path = MainScreenViewController.swift; sourceTree = "<group>"; };
		2FAA8EBC2E40E46D0091FDD5 /* ProductModel.swift */ = {isa = PBXFileReference; lastKnownFileType = sourcecode.swift; path = ProductModel.swift; sourceTree = "<group>"; };
		2FAA8EBE2E40E4960091FDD5 /* ProductViewModel.swift */ = {isa = PBXFileReference; lastKnownFileType = sourcecode.swift; path = ProductViewModel.swift; sourceTree = "<group>"; };
		EF198CC2F2099818335F45F6 /* Pods_testTaskShiftIOS.framework */ = {isa = PBXFileReference; explicitFileType = wrapper.framework; includeInIndex = 0; path = Pods_testTaskShiftIOS.framework; sourceTree = BUILT_PRODUCTS_DIR; };
/* End PBXFileReference section */

/* Begin PBXFrameworksBuildPhase section */
		2FAA8E872E40A0870091FDD5 /* Frameworks */ = {
			isa = PBXFrameworksBuildPhase;
			buildActionMask = 2147483647;
			files = (
				C89E4FFDB518001CF41D9D76 /* Pods_testTaskShiftIOS.framework in Frameworks */,
			);
			runOnlyForDeploymentPostprocessing = 0;
		};
/* End PBXFrameworksBuildPhase section */

/* Begin PBXGroup section */
		2FAA8E812E40A0870091FDD5 = {
			isa = PBXGroup;
			children = (
				2FAA8EA92E40A2CD0091FDD5 /* testTaskShiftIOS */,
				2FAA8E8B2E40A0870091FDD5 /* Products */,
				764E74A21D5227E631126344 /* Pods */,
				3B50A55F40CDBD306E5B0556 /* Frameworks */,
			);
			sourceTree = "<group>";
		};
		2FAA8E8B2E40A0870091FDD5 /* Products */ = {
			isa = PBXGroup;
			children = (
				2FAA8E8A2E40A0870091FDD5 /* testTaskShiftIOS.app */,
			);
			name = Products;
			sourceTree = "<group>";
		};
		2FAA8EA92E40A2CD0091FDD5 /* testTaskShiftIOS */ = {
			isa = PBXGroup;
			children = (
				2FAA8EB32E40A2F80091FDD5 /* Components */,
				2FAA8EB22E40A2E90091FDD5 /* Models */,
				2FAA8EB12E40A2E10091FDD5 /* ViewModels */,
				2FAA8EB02E40A2D70091FDD5 /* ViewControllers */,
				2FAA8EA22E40A2CD0091FDD5 /* AppDelegate.swift */,
				2FAA8EA32E40A2CD0091FDD5 /* Assets.xcassets */,
				2FAA8EA42E40A2CD0091FDD5 /* Info.plist */,
				2FAA8EA62E40A2CD0091FDD5 /* LaunchScreen.storyboard */,
				2FAA8EA82E40A2CD0091FDD5 /* SceneDelegate.swift */,
			);
			path = testTaskShiftIOS;
			sourceTree = "<group>";
		};
		2FAA8EB02E40A2D70091FDD5 /* ViewControllers */ = {
			isa = PBXGroup;
			children = (
				2FAA8EBA2E40DFCD0091FDD5 /* MainScreenViewController.swift */,
				2FAA8EA72E40A2CD0091FDD5 /* RegistrationScreenViewController.swift */,
			);
			path = ViewControllers;
			sourceTree = "<group>";
		};
		2FAA8EB12E40A2E10091FDD5 /* ViewModels */ = {
			isa = PBXGroup;
			children = (
				2FAA8EBE2E40E4960091FDD5 /* ProductViewModel.swift */,
			);
			path = ViewModels;
			sourceTree = "<group>";
		};
		2FAA8EB22E40A2E90091FDD5 /* Models */ = {
			isa = PBXGroup;
			children = (
				2FAA8EBC2E40E46D0091FDD5 /* ProductModel.swift */,
			);
			path = Models;
			sourceTree = "<group>";
		};
		2FAA8EB32E40A2F80091FDD5 /* Components */ = {
			isa = PBXGroup;
			children = (
				2FAA8EB82E40B5C10091FDD5 /* CustomBlueButton.swift */,
				2FAA8EB62E40B5A40091FDD5 /* CustomLabel.swift */,
				2FAA8EB42E40B4EE0091FDD5 /* CustomTextField.swift */,
			);
			path = Components;
			sourceTree = "<group>";
		};
		3B50A55F40CDBD306E5B0556 /* Frameworks */ = {
			isa = PBXGroup;
			children = (
				EF198CC2F2099818335F45F6 /* Pods_testTaskShiftIOS.framework */,
			);
			name = Frameworks;
			sourceTree = "<group>";
		};
		764E74A21D5227E631126344 /* Pods */ = {
			isa = PBXGroup;
			children = (
				12F56B69529719ABF1E289C1 /* Pods-testTaskShiftIOS.debug.xcconfig */,
				0F41BB8E706F39901B445EC1 /* Pods-testTaskShiftIOS.release.xcconfig */,
			);
			path = Pods;
			sourceTree = "<group>";
		};
/* End PBXGroup section */

/* Begin PBXNativeTarget section */
		2FAA8E892E40A0870091FDD5 /* testTaskShiftIOS */ = {
			isa = PBXNativeTarget;
			buildConfigurationList = 2FAA8E9D2E40A0880091FDD5 /* Build configuration list for PBXNativeTarget "testTaskShiftIOS" */;
			buildPhases = (
				3857502778AB962A12DA147B /* [CP] Check Pods Manifest.lock */,
				2FAA8E862E40A0870091FDD5 /* Sources */,
				2FAA8E872E40A0870091FDD5 /* Frameworks */,
				2FAA8E882E40A0870091FDD5 /* Resources */,
				998E3CA3FB30C860DEDCD0A8 /* [CP] Embed Pods Frameworks */,
			);
			buildRules = (
			);
			dependencies = (
			);
			name = testTaskShiftIOS;
			productName = testTaskShiftIOS;
			productReference = 2FAA8E8A2E40A0870091FDD5 /* testTaskShiftIOS.app */;
			productType = "com.apple.product-type.application";
		};
/* End PBXNativeTarget section */

/* Begin PBXProject section */
		2FAA8E822E40A0870091FDD5 /* Project object */ = {
			isa = PBXProject;
			attributes = {
				BuildIndependentTargetsInParallel = 1;
				LastSwiftUpdateCheck = 1640;
				LastUpgradeCheck = 1640;
				TargetAttributes = {
					2FAA8E892E40A0870091FDD5 = {
						CreatedOnToolsVersion = 16.4;
					};
				};
			};
			buildConfigurationList = 2FAA8E852E40A0870091FDD5 /* Build configuration list for PBXProject "testTaskShiftIOS" */;
			developmentRegion = en;
			hasScannedForEncodings = 0;
			knownRegions = (
				en,
				Base,
			);
			mainGroup = 2FAA8E812E40A0870091FDD5;
			minimizedProjectReferenceProxies = 1;
			preferredProjectObjectVersion = 77;
			productRefGroup = 2FAA8E8B2E40A0870091FDD5 /* Products */;
			projectDirPath = "";
			projectRoot = "";
			targets = (
				2FAA8E892E40A0870091FDD5 /* testTaskShiftIOS */,
			);
		};
/* End PBXProject section */

/* Begin PBXResourcesBuildPhase section */
		2FAA8E882E40A0870091FDD5 /* Resources */ = {
			isa = PBXResourcesBuildPhase;
			buildActionMask = 2147483647;
			files = (
				2FAA8EAD2E40A2CD0091FDD5 /* Assets.xcassets in Resources */,
				2FAA8EAF2E40A2CD0091FDD5 /* LaunchScreen.storyboard in Resources */,
			);
			runOnlyForDeploymentPostprocessing = 0;
		};
/* End PBXResourcesBuildPhase section */

/* Begin PBXShellScriptBuildPhase section */
		3857502778AB962A12DA147B /* [CP] Check Pods Manifest.lock */ = {
			isa = PBXShellScriptBuildPhase;
			buildActionMask = 2147483647;
			files = (
			);
			inputFileListPaths = (
			);
			inputPaths = (
				"${PODS_PODFILE_DIR_PATH}/Podfile.lock",
				"${PODS_ROOT}/Manifest.lock",
			);
			name = "[CP] Check Pods Manifest.lock";
			outputFileListPaths = (
			);
			outputPaths = (
				"$(DERIVED_FILE_DIR)/Pods-testTaskShiftIOS-checkManifestLockResult.txt",
			);
			runOnlyForDeploymentPostprocessing = 0;
			shellPath = /bin/sh;
			shellScript = "diff \"${PODS_PODFILE_DIR_PATH}/Podfile.lock\" \"${PODS_ROOT}/Manifest.lock\" > /dev/null\nif [ $? != 0 ] ; then\n    # print error to STDERR\n    echo \"error: The sandbox is not in sync with the Podfile.lock. Run 'pod install' or update your CocoaPods installation.\" >&2\n    exit 1\nfi\n# This output is used by Xcode 'outputs' to avoid re-running this script phase.\necho \"SUCCESS\" > \"${SCRIPT_OUTPUT_FILE_0}\"\n";
			showEnvVarsInLog = 0;
		};
		998E3CA3FB30C860DEDCD0A8 /* [CP] Embed Pods Frameworks */ = {
			isa = PBXShellScriptBuildPhase;
			buildActionMask = 2147483647;
			files = (
			);
			inputFileListPaths = (
				"${PODS_ROOT}/Target Support Files/Pods-testTaskShiftIOS/Pods-testTaskShiftIOS-frameworks-${CONFIGURATION}-input-files.xcfilelist",
			);
			inputPaths = (
			);
			name = "[CP] Embed Pods Frameworks";
			outputFileListPaths = (
				"${PODS_ROOT}/Target Support Files/Pods-testTaskShiftIOS/Pods-testTaskShiftIOS-frameworks-${CONFIGURATION}-output-files.xcfilelist",
			);
			outputPaths = (
			);
			runOnlyForDeploymentPostprocessing = 0;
			shellPath = /bin/sh;
			shellScript = "\"${PODS_ROOT}/Target Support Files/Pods-testTaskShiftIOS/Pods-testTaskShiftIOS-frameworks.sh\"\n";
			showEnvVarsInLog = 0;
		};
/* End PBXShellScriptBuildPhase section */

/* Begin PBXSourcesBuildPhase section */
		2FAA8E862E40A0870091FDD5 /* Sources */ = {
			isa = PBXSourcesBuildPhase;
			buildActionMask = 2147483647;
			files = (
				2FAA8EB52E40B4F70091FDD5 /* CustomTextField.swift in Sources */,
				2FAA8EB72E40B5B80091FDD5 /* CustomLabel.swift in Sources */,
				2FAA8EBB2E40DFD50091FDD5 /* MainScreenViewController.swift in Sources */,
				2FAA8EAA2E40A2CD0091FDD5 /* AppDelegate.swift in Sources */,
				2FAA8EAB2E40A2CD0091FDD5 /* RegistrationScreenViewController.swift in Sources */,
				2FAA8EBF2E40E4A00091FDD5 /* ProductViewModel.swift in Sources */,
				2FAA8EB92E40B5C90091FDD5 /* CustomBlueButton.swift in Sources */,
				2FAA8EAC2E40A2CD0091FDD5 /* SceneDelegate.swift in Sources */,
				2FAA8EBD2E40E4770091FDD5 /* ProductModel.swift in Sources */,
			);
			runOnlyForDeploymentPostprocessing = 0;
		};
/* End PBXSourcesBuildPhase section */

/* Begin PBXVariantGroup section */
		2FAA8EA62E40A2CD0091FDD5 /* LaunchScreen.storyboard */ = {
			isa = PBXVariantGroup;
			children = (
				2FAA8EA52E40A2CD0091FDD5 /* Base */,
			);
			name = LaunchScreen.storyboard;
			sourceTree = "<group>";
		};
/* End PBXVariantGroup section */

/* Begin XCBuildConfiguration section */
		2FAA8E9E2E40A0880091FDD5 /* Debug */ = {
			isa = XCBuildConfiguration;
			baseConfigurationReference = 12F56B69529719ABF1E289C1 /* Pods-testTaskShiftIOS.debug.xcconfig */;
			buildSettings = {
				ASSETCATALOG_COMPILER_APPICON_NAME = AppIcon;
				ASSETCATALOG_COMPILER_GLOBAL_ACCENT_COLOR_NAME = AccentColor;
				CODE_SIGN_STYLE = Automatic;
				CURRENT_PROJECT_VERSION = 1;
				DEVELOPMENT_TEAM = 7K65YGGWWF;
				GENERATE_INFOPLIST_FILE = YES;
				INFOPLIST_FILE = testTaskShiftIOS/Info.plist;
				INFOPLIST_KEY_UIApplicationSupportsIndirectInputEvents = YES;
				INFOPLIST_KEY_UILaunchStoryboardName = LaunchScreen;
				INFOPLIST_KEY_UISupportedInterfaceOrientations_iPad = "UIInterfaceOrientationPortrait UIInterfaceOrientationPortraitUpsideDown UIInterfaceOrientationLandscapeLeft UIInterfaceOrientationLandscapeRight";
				INFOPLIST_KEY_UISupportedInterfaceOrientations_iPhone = "UIInterfaceOrientationPortrait UIInterfaceOrientationLandscapeLeft UIInterfaceOrientationLandscapeRight";
				LD_RUNPATH_SEARCH_PATHS = (
					"$(inherited)",
					"@executable_path/Frameworks",
				);
				MARKETING_VERSION = 1.0;
				PRODUCT_BUNDLE_IDENTIFIER = SuperJK.testTaskShiftIOS;
				PRODUCT_NAME = "$(TARGET_NAME)";
				SWIFT_EMIT_LOC_STRINGS = YES;
				SWIFT_VERSION = 5.0;
				TARGETED_DEVICE_FAMILY = "1,2";
			};
			name = Debug;
		};
		2FAA8E9F2E40A0880091FDD5 /* Release */ = {
			isa = XCBuildConfiguration;
			baseConfigurationReference = 0F41BB8E706F39901B445EC1 /* Pods-testTaskShiftIOS.release.xcconfig */;
			buildSettings = {
				ASSETCATALOG_COMPILER_APPICON_NAME = AppIcon;
				ASSETCATALOG_COMPILER_GLOBAL_ACCENT_COLOR_NAME = AccentColor;
				CODE_SIGN_STYLE = Automatic;
				CURRENT_PROJECT_VERSION = 1;
				DEVELOPMENT_TEAM = 7K65YGGWWF;
				GENERATE_INFOPLIST_FILE = YES;
				INFOPLIST_FILE = testTaskShiftIOS/Info.plist;
				INFOPLIST_KEY_UIApplicationSupportsIndirectInputEvents = YES;
				INFOPLIST_KEY_UILaunchStoryboardName = LaunchScreen;
				INFOPLIST_KEY_UISupportedInterfaceOrientations_iPad = "UIInterfaceOrientationPortrait UIInterfaceOrientationPortraitUpsideDown UIInterfaceOrientationLandscapeLeft UIInterfaceOrientationLandscapeRight";
				INFOPLIST_KEY_UISupportedInterfaceOrientations_iPhone = "UIInterfaceOrientationPortrait UIInterfaceOrientationLandscapeLeft UIInterfaceOrientationLandscapeRight";
				LD_RUNPATH_SEARCH_PATHS = (
					"$(inherited)",
					"@executable_path/Frameworks",
				);
				MARKETING_VERSION = 1.0;
				PRODUCT_BUNDLE_IDENTIFIER = SuperJK.testTaskShiftIOS;
				PRODUCT_NAME = "$(TARGET_NAME)";
				SWIFT_EMIT_LOC_STRINGS = YES;
				SWIFT_VERSION = 5.0;
				TARGETED_DEVICE_FAMILY = "1,2";
			};
			name = Release;
		};
		2FAA8EA02E40A0880091FDD5 /* Debug */ = {
			isa = XCBuildConfiguration;
			buildSettings = {
				ALWAYS_SEARCH_USER_PATHS = NO;
				ASSETCATALOG_COMPILER_GENERATE_SWIFT_ASSET_SYMBOL_EXTENSIONS = YES;
				CLANG_ANALYZER_NONNULL = YES;
				CLANG_ANALYZER_NUMBER_OBJECT_CONVERSION = YES_AGGRESSIVE;
				CLANG_CXX_LANGUAGE_STANDARD = "gnu++20";
				CLANG_ENABLE_MODULES = YES;
				CLANG_ENABLE_OBJC_ARC = YES;
				CLANG_ENABLE_OBJC_WEAK = YES;
				CLANG_WARN_BLOCK_CAPTURE_AUTORELEASING = YES;
				CLANG_WARN_BOOL_CONVERSION = YES;
				CLANG_WARN_COMMA = YES;
				CLANG_WARN_CONSTANT_CONVERSION = YES;
				CLANG_WARN_DEPRECATED_OBJC_IMPLEMENTATIONS = YES;
				CLANG_WARN_DIRECT_OBJC_ISA_USAGE = YES_ERROR;
				CLANG_WARN_DOCUMENTATION_COMMENTS = YES;
				CLANG_WARN_EMPTY_BODY = YES;
				CLANG_WARN_ENUM_CONVERSION = YES;
				CLANG_WARN_INFINITE_RECURSION = YES;
				CLANG_WARN_INT_CONVERSION = YES;
				CLANG_WARN_NON_LITERAL_NULL_CONVERSION = YES;
				CLANG_WARN_OBJC_IMPLICIT_RETAIN_SELF = YES;
				CLANG_WARN_OBJC_LITERAL_CONVERSION = YES;
				CLANG_WARN_OBJC_ROOT_CLASS = YES_ERROR;
				CLANG_WARN_QUOTED_INCLUDE_IN_FRAMEWORK_HEADER = YES;
				CLANG_WARN_RANGE_LOOP_ANALYSIS = YES;
				CLANG_WARN_STRICT_PROTOTYPES = YES;
				CLANG_WARN_SUSPICIOUS_MOVE = YES;
				CLANG_WARN_UNGUARDED_AVAILABILITY = YES_AGGRESSIVE;
				CLANG_WARN_UNREACHABLE_CODE = YES;
				CLANG_WARN__DUPLICATE_METHOD_MATCH = YES;
				COPY_PHASE_STRIP = NO;
				DEBUG_INFORMATION_FORMAT = dwarf;
				DEVELOPMENT_TEAM = 7K65YGGWWF;
				ENABLE_STRICT_OBJC_MSGSEND = YES;
				ENABLE_TESTABILITY = YES;
				ENABLE_USER_SCRIPT_SANDBOXING = NO;
				GCC_C_LANGUAGE_STANDARD = gnu17;
				GCC_DYNAMIC_NO_PIC = NO;
				GCC_NO_COMMON_BLOCKS = YES;
				GCC_OPTIMIZATION_LEVEL = 0;
				GCC_PREPROCESSOR_DEFINITIONS = (
					"DEBUG=1",
					"$(inherited)",
				);
				GCC_WARN_64_TO_32_BIT_CONVERSION = YES;
				GCC_WARN_ABOUT_RETURN_TYPE = YES_ERROR;
				GCC_WARN_UNDECLARED_SELECTOR = YES;
				GCC_WARN_UNINITIALIZED_AUTOS = YES_AGGRESSIVE;
				GCC_WARN_UNUSED_FUNCTION = YES;
				GCC_WARN_UNUSED_VARIABLE = YES;
				IPHONEOS_DEPLOYMENT_TARGET = 18.5;
				LOCALIZATION_PREFERS_STRING_CATALOGS = YES;
				MTL_ENABLE_DEBUG_INFO = INCLUDE_SOURCE;
				MTL_FAST_MATH = YES;
				ONLY_ACTIVE_ARCH = YES;
				SDKROOT = iphoneos;
				SWIFT_ACTIVE_COMPILATION_CONDITIONS = "DEBUG $(inherited)";
				SWIFT_OPTIMIZATION_LEVEL = "-Onone";
			};
			name = Debug;
		};
		2FAA8EA12E40A0880091FDD5 /* Release */ = {
			isa = XCBuildConfiguration;
			buildSettings = {
				ALWAYS_SEARCH_USER_PATHS = NO;
				ASSETCATALOG_COMPILER_GENERATE_SWIFT_ASSET_SYMBOL_EXTENSIONS = YES;
				CLANG_ANALYZER_NONNULL = YES;
				CLANG_ANALYZER_NUMBER_OBJECT_CONVERSION = YES_AGGRESSIVE;
				CLANG_CXX_LANGUAGE_STANDARD = "gnu++20";
				CLANG_ENABLE_MODULES = YES;
				CLANG_ENABLE_OBJC_ARC = YES;
				CLANG_ENABLE_OBJC_WEAK = YES;
				CLANG_WARN_BLOCK_CAPTURE_AUTORELEASING = YES;
				CLANG_WARN_BOOL_CONVERSION = YES;
				CLANG_WARN_COMMA = YES;
				CLANG_WARN_CONSTANT_CONVERSION = YES;
				CLANG_WARN_DEPRECATED_OBJC_IMPLEMENTATIONS = YES;
				CLANG_WARN_DIRECT_OBJC_ISA_USAGE = YES_ERROR;
				CLANG_WARN_DOCUMENTATION_COMMENTS = YES;
				CLANG_WARN_EMPTY_BODY = YES;
				CLANG_WARN_ENUM_CONVERSION = YES;
				CLANG_WARN_INFINITE_RECURSION = YES;
				CLANG_WARN_INT_CONVERSION = YES;
				CLANG_WARN_NON_LITERAL_NULL_CONVERSION = YES;
				CLANG_WARN_OBJC_IMPLICIT_RETAIN_SELF = YES;
				CLANG_WARN_OBJC_LITERAL_CONVERSION = YES;
				CLANG_WARN_OBJC_ROOT_CLASS = YES_ERROR;
				CLANG_WARN_QUOTED_INCLUDE_IN_FRAMEWORK_HEADER = YES;
				CLANG_WARN_RANGE_LOOP_ANALYSIS = YES;
				CLANG_WARN_STRICT_PROTOTYPES = YES;
				CLANG_WARN_SUSPICIOUS_MOVE = YES;
				CLANG_WARN_UNGUARDED_AVAILABILITY = YES_AGGRESSIVE;
				CLANG_WARN_UNREACHABLE_CODE = YES;
				CLANG_WARN__DUPLICATE_METHOD_MATCH = YES;
				COPY_PHASE_STRIP = NO;
				DEBUG_INFORMATION_FORMAT = "dwarf-with-dsym";
				DEVELOPMENT_TEAM = 7K65YGGWWF;
				ENABLE_NS_ASSERTIONS = NO;
				ENABLE_STRICT_OBJC_MSGSEND = YES;
				ENABLE_USER_SCRIPT_SANDBOXING = NO;
				GCC_C_LANGUAGE_STANDARD = gnu17;
				GCC_NO_COMMON_BLOCKS = YES;
				GCC_WARN_64_TO_32_BIT_CONVERSION = YES;
				GCC_WARN_ABOUT_RETURN_TYPE = YES_ERROR;
				GCC_WARN_UNDECLARED_SELECTOR = YES;
				GCC_WARN_UNINITIALIZED_AUTOS = YES_AGGRESSIVE;
				GCC_WARN_UNUSED_FUNCTION = YES;
				GCC_WARN_UNUSED_VARIABLE = YES;
				IPHONEOS_DEPLOYMENT_TARGET = 18.5;
				LOCALIZATION_PREFERS_STRING_CATALOGS = YES;
				MTL_ENABLE_DEBUG_INFO = NO;
				MTL_FAST_MATH = YES;
				SDKROOT = iphoneos;
				SWIFT_COMPILATION_MODE = wholemodule;
				VALIDATE_PRODUCT = YES;
			};
			name = Release;
		};
/* End XCBuildConfiguration section */

/* Begin XCConfigurationList section */
		2FAA8E852E40A0870091FDD5 /* Build configuration list for PBXProject "testTaskShiftIOS" */ = {
			isa = XCConfigurationList;
			buildConfigurations = (
				2FAA8EA02E40A0880091FDD5 /* Debug */,
				2FAA8EA12E40A0880091FDD5 /* Release */,
			);
			defaultConfigurationIsVisible = 0;
			defaultConfigurationName = Release;
		};
		2FAA8E9D2E40A0880091FDD5 /* Build configuration list for PBXNativeTarget "testTaskShiftIOS" */ = {
			isa = XCConfigurationList;
			buildConfigurations = (
				2FAA8E9E2E40A0880091FDD5 /* Debug */,
				2FAA8E9F2E40A0880091FDD5 /* Release */,
			);
			defaultConfigurationIsVisible = 0;
			defaultConfigurationName = Release;
		};
/* End XCConfigurationList section */
	};
	rootObject = 2FAA8E822E40A0870091FDD5 /* Project object */;
}
